
Microsoft Visual Studio Solution File, Format Version 12.00
# Visual Studio Version 17
VisualStudioVersion = 17.1.32328.378
MinimumVisualStudioVersion = 10.0.40219.1
Project("{9A19103F-16F7-4668-BE54-9A1E7A4F7556}") = "Singular.Roulette.Api", "Singular.Roulette.Api\Singular.Roulette.Api.csproj", "{0F208795-1DF9-4D01-87DB-510B371E29CF}"
EndProject
Project("{FAE04EC0-301F-11D3-BF4B-00C04F79EFBC}") = "Singular.Roulette.Domain", "Singular.Roulette.Domain\Singular.Roulette.Domain.csproj", "{146913E1-FABC-405D-8D36-C91248992BCE}"
EndProject
Project("{FAE04EC0-301F-11D3-BF4B-00C04F79EFBC}") = "Singular.Roulette.Repository", "Singular.Roulette.Repository\Singular.Roulette.Repository.csproj", "{E9D878E0-0D9B-46FE-9E58-D942AC4BAFE0}"
EndProject
Global
	GlobalSection(SolutionConfigurationPlatforms) = preSolution
		Debug|Any CPU = Debug|Any CPU
		Release|Any CPU = Release|Any CPU
	EndGlobalSection
	GlobalSection(ProjectConfigurationPlatforms) = postSolution
		{0F208795-1DF9-4D01-87DB-510B371E29CF}.Debug|Any CPU.ActiveCfg = Debug|Any CPU
		{0F208795-1DF9-4D01-87DB-510B371E29CF}.Debug|Any CPU.Build.0 = Debug|Any CPU
		{0F208795-1DF9-4D01-87DB-510B371E29CF}.Release|Any CPU.ActiveCfg = Release|Any CPU
		{0F208795-1DF9-4D01-87DB-510B371E29CF}.Release|Any CPU.Build.0 = Release|Any CPU
		{146913E1-FABC-405D-8D36-C91248992BCE}.Debug|Any CPU.ActiveCfg = Debug|Any CPU
		{146913E1-FABC-405D-8D36-C91248992BCE}.Debug|Any CPU.Build.0 = Debug|Any CPU
		{146913E1-FABC-405D-8D36-C91248992BCE}.Release|Any CPU.ActiveCfg = Release|Any CPU
		{146913E1-FABC-405D-8D36-C91248992BCE}.Release|Any CPU.Build.0 = Release|Any CPU
		{E9D878E0-0D9B-46FE-9E58-D942AC4BAFE0}.Debug|Any CPU.ActiveCfg = Debug|Any CPU
		{E9D878E0-0D9B-46FE-9E58-D942AC4BAFE0}.Debug|Any CPU.Build.0 = Debug|Any CPU
		{E9D878E0-0D9B-46FE-9E58-D942AC4BAFE0}.Release|Any CPU.ActiveCfg = Release|Any CPU
		{E9D878E0-0D9B-46FE-9E58-D942AC4BAFE0}.Release|Any CPU.Build.0 = Release|Any CPU
	EndGlobalSection
	GlobalSection(SolutionProperties) = preSolution
		HideSolutionNode = FALSE
	EndGlobalSection
	GlobalSection(ExtensibilityGlobals) = postSolution
		SolutionGuid = {318F999A-0149-41D0-A91C-351F2AB2480E}
	EndGlobalSection
EndGlobal
